
Microsoft Visual Studio Solution File, Format Version 12.00
# Visual Studio Version 16
VisualStudioVersion = 16.0.31025.194
MinimumVisualStudioVersion = 10.0.40219.1
Project("{FAE04EC0-301F-11D3-BF4B-00C04F79EFBC}") = "WebAdvert_Web", "WebAdvert_Web.csproj", "{946F1D4E-7D37-4A66-9422-F3024BF33630}"
EndProject
Global
	GlobalSection(SolutionConfigurationPlatforms) = preSolution
		Debug|Any CPU = Debug|Any CPU
		Release|Any CPU = Release|Any CPU
	EndGlobalSection
	GlobalSection(ProjectConfigurationPlatforms) = postSolution
		{946F1D4E-7D37-4A66-9422-F3024BF33630}.Debug|Any CPU.ActiveCfg = Debug|Any CPU
		{946F1D4E-7D37-4A66-9422-F3024BF33630}.Debug|Any CPU.Build.0 = Debug|Any CPU
		{946F1D4E-7D37-4A66-9422-F3024BF33630}.Release|Any CPU.ActiveCfg = Release|Any CPU
		{946F1D4E-7D37-4A66-9422-F3024BF33630}.Release|Any CPU.Build.0 = Release|Any CPU
	EndGlobalSection
	GlobalSection(SolutionProperties) = preSolution
		HideSolutionNode = FALSE
	EndGlobalSection
	GlobalSection(ExtensibilityGlobals) = postSolution
		SolutionGuid = {11513DAD-929C-4DE5-BE24-C0CEE734CBC2}
	EndGlobalSection
EndGlobal
